lockfileVersion: '9.0'

settings:
  autoInstallPeers: false
  excludeLinksFromLockfile: false

overrides:
  esbuild>@esbuild/darwin-arm64: '-'
  esbuild>@esbuild/darwin-x64: '-'
  esbuild>@esbuild/freebsd-arm64: '-'
  esbuild>@esbuild/freebsd-x64: '-'
  esbuild>@esbuild/linux-arm: '-'
  esbuild>@esbuild/linux-arm64: '-'
  esbuild>@esbuild/linux-ia32: '-'
  esbuild>@esbuild/linux-loong64: '-'
  esbuild>@esbuild/linux-mips64el: '-'
  esbuild>@esbuild/linux-ppc64: '-'
  esbuild>@esbuild/linux-riscv64: '-'
  esbuild>@esbuild/linux-s390x: '-'
  esbuild>@esbuild/netbsd-arm64: '-'
  esbuild>@esbuild/netbsd-x64: '-'
  esbuild>@esbuild/openbsd-arm64: '-'
  esbuild>@esbuild/openbsd-x64: '-'
  esbuild>@esbuild/sunos-x64: '-'
  esbuild>@esbuild/win32-arm64: '-'
  esbuild>@esbuild/win32-ia32: '-'
  esbuild>@esbuild/win32-x64: '-'
  esbuild>@esbuild/aix-ppc64: '-'
  esbuild>@esbuild/android-arm: '-'
  esbuild>@esbuild/android-arm64: '-'
  esbuild>@esbuild/android-x64: '-'
  esbuild>@esbuild/openharmony-arm64: '-'
  lightningcss>lightningcss-android-arm64: '-'
  lightningcss>lightningcss-darwin-arm64: '-'
  lightningcss>lightningcss-darwin-x64: '-'
  lightningcss>lightningcss-freebsd-x64: '-'
  lightningcss>lightningcss-linux-arm-gnueabihf: '-'
  lightningcss>lightningcss-linux-arm64-gnu: '-'
  lightningcss>lightningcss-linux-arm64-musl: '-'
  lightningcss>lightningcss-linux-x64-musl: '-'
  lightningcss>lightningcss-win32-arm64-msvc: '-'
  lightningcss>lightningcss-win32-x64-msvc: '-'
  '@tailwindcss/oxide>@tailwindcss/oxide-android-arm64': '-'
  '@tailwindcss/oxide>@tailwindcss/oxide-darwin-arm64': '-'
  '@tailwindcss/oxide>@tailwindcss/oxide-darwin-x64': '-'
  '@tailwindcss/oxide>@tailwindcss/oxide-freebsd-x64': '-'
  '@tailwindcss/oxide>@tailwindcss/oxide-linux-arm-gnueabihf': '-'
  '@tailwindcss/oxide>@tailwindcss/oxide-linux-arm64-gnu': '-'
  '@tailwindcss/oxide>@tailwindcss/oxide-linux-arm64-musl': '-'
  '@tailwindcss/oxide>@tailwindcss/oxide-win32-arm64-msvc': '-'
  '@tailwindcss/oxide>@tailwindcss/oxide-win32-x64-msvc': '-'
  '@tailwindcss/oxide>@tailwindcss/oxide-linux-x64-musl': '-'
  rollup>@rollup/rollup-android-arm-eabi: '-'
  rollup>@rollup/rollup-android-arm64: '-'
  rollup>@rollup/rollup-darwin-arm64: '-'
  rollup>@rollup/rollup-darwin-x64: '-'
  rollup>@rollup/rollup-freebsd-arm64: '-'
  rollup>@rollup/rollup-freebsd-x64: '-'
  rollup>@rollup/rollup-linux-arm-gnueabihf: '-'
  rollup>@rollup/rollup-linux-arm-musleabihf: '-'
  rollup>@rollup/rollup-linux-arm64-gnu: '-'
  rollup>@rollup/rollup-linux-arm64-musl: '-'
  rollup>@rollup/rollup-linux-loong64-gnu: '-'
  rollup>@rollup/rollup-linux-loong64-musl: '-'
  rollup>@rollup/rollup-linux-ppc64-gnu: '-'
  rollup>@rollup/rollup-linux-ppc64-musl: '-'
  rollup>@rollup/rollup-linux-riscv64-gnu: '-'
  rollup>@rollup/rollup-linux-riscv64-musl: '-'
  rollup>@rollup/rollup-linux-s390x-gnu: '-'
  rollup>@rollup/rollup-linux-x64-musl: '-'
  rollup>@rollup/rollup-openbsd-x64: '-'
  rollup>@rollup/rollup-openharmony-arm64: '-'
  rollup>@rollup/rollup-win32-arm64-msvc: '-'
  rollup>@rollup/rollup-win32-ia32-msvc: '-'
  rollup>@rollup/rollup-win32-x64-gnu: '-'
  rollup>@rollup/rollup-win32-x64-msvc: '-'
  '@expo/ngrok-bin>@expo/ngrok-bin-darwin-arm64': '-'
  '@expo/ngrok-bin>@expo/ngrok-bin-darwin-x64': '-'
  '@expo/ngrok-bin>@expo/ngrok-bin-freebsd-ia32': '-'
  '@expo/ngrok-bin>@expo/ngrok-bin-freebsd-x64': '-'
  '@expo/ngrok-bin>@expo/ngrok-bin-linux-arm64': '-'
  '@expo/ngrok-bin>@expo/ngrok-bin-linux-arm': '-'
  '@expo/ngrok-bin>@expo/ngrok-bin-linux-ia32': '-'
  '@expo/ngrok-bin>@expo/ngrok-bin-sunos-x64': '-'
  '@expo/ngrok-bin>@expo/ngrok-bin-win32-ia32': '-'
  '@expo/ngrok-bin>@expo/ngrok-bin-win32-x64': '-'
  '@esbuild-kit/esm-loader': npm:tsx@^4.21.0
  esbuild: 0.27.3

importers:

  .:
    dependencies:
      '@radix-ui/react-toast':
        specifier: ^1.2.17
        version: 1.2.17
      '@radix-ui/react-tooltip':
        specifier: ^1.2.10
        version: 1.2.10
    devDependencies:
      prettier:
        specifier: ^3.8.4
        version: 3.8.4
      typescript:
        specifier: ~5.9.3
        version: 5.9.3

packages:

  '@floating-ui/core@1.7.5':
    resolution: {integrity: sha512-1Ih4WTWyw0+lKyFMcBHGbb5U5FtuHJuujoyyr5zTaWS5EYMeT6Jb2AuDeftsCsEuchO+mM2ij5+q9crhydzLhQ==}

  '@floating-ui/dom@1.7.6':
    resolution: {integrity: sha512-9gZSAI5XM36880PPMm//9dfiEngYoC6Am2izES1FF406YFsjvyBMmeJ2g4SAju3xWwtuynNRFL2s9hgxpLI5SQ==}

  '@floating-ui/react-dom@2.1.8':
    resolution: {integrity: sha512-cC52bHwM/n/CxS87FH0yWdngEZrjdtLW/qVruo68qg+prK7ZQ4YGdut2GyDVpoGeAYe/h899rVeOVm6Oi40k2A==}
    peerDependencies:
      react: '>=16.8.0'
      react-dom: '>=16.8.0'

  '@floating-ui/utils@0.2.11':
    resolution: {integrity: sha512-RiB/yIh78pcIxl6lLMG0CgBXAZ2Y0eVHqMPYugu+9U0AeT6YBeiJpf7lbdJNIugFP5SIjwNRgo4DhR1Qxi26Gg==}

  '@radix-ui/primitive@1.1.4':
    resolution: {integrity: sha512-7AdCK9PQyiljKoBDbN8OuctCbd/esdwZPQ8RtOE3SsyQtUpiPb+ND75q0jEhC1m1ecBI0MFNeLJvwIh9iKHRcQ==}

  '@radix-ui/react-arrow@1.1.10':
    resolution: {integrity: sha512-j2VTDz1vgCsmuG0k5lBfOcM8n5JPFqZBcMryasFjHYMhwxYL5SRUV5lMSUpRdNtw3D/Sv8pzJtrlAgkssYSsQQ==}
    peerDependencies:
      '@types/react': '*'
      '@types/react-dom': '*'
      react: ^16.8 || ^17.0 || ^18.0 || ^19.0 || ^19.0.0-rc
      react-dom: ^16.8 || ^17.0 || ^18.0 || ^19.0 || ^19.0.0-rc
    peerDependenciesMeta:
      '@types/react':
        optional: true
      '@types/react-dom':
        optional: true

  '@radix-ui/react-collection@1.1.10':
    resolution: {integrity: sha512-IVVz4EvBcKjrzKgof714qDnz/SzQAkLA2Emh5edlHbgcE6fNd3Un6CJLlaYcnm8N4JmAtzQgse4dOKxcD2yc9g==}
    peerDependencies:
      '@types/react': '*'
      '@types/react-dom': '*'
      react: ^16.8 || ^17.0 || ^18.0 || ^19.0 || ^19.0.0-rc
      react-dom: ^16.8 || ^17.0 || ^18.0 || ^19.0 || ^19.0.0-rc
    peerDependenciesMeta:
      '@types/react':
        optional: true
      '@types/react-dom':
        optional: true

  '@radix-ui/react-compose-refs@1.1.3':
    resolution: {integrity: sha512-rYOP8OMnuuPMQF1uhPVlGNcCDlkokKqGFE3JcxFViIkAXP7EvFWUliJAstrapypaBLJNHbZL6jGhbVDGTwmVhA==}
    peerDependencies:
      '@types/react': '*'
      react: ^16.8 || ^17.0 || ^18.0 || ^19.0 || ^19.0.0-rc
    peerDependenciesMeta:
      '@types/react':
        optional: true

  '@radix-ui/react-context@1.1.4':
    resolution: {integrity: sha512-QwH4PO5urrbO+FaGd5Aglg+YJgWTyyuZ3g/6mKvsqraLkglDdckw9JafgL5McL5VEJ6EPNduPaT3ZE9BttDAqg==}
    peerDependencies:
      '@types/react': '*'
      react: ^16.8 || ^17.0 || ^18.0 || ^19.0 || ^19.0.0-rc
    peerDependenciesMeta:
      '@types/react':
        optional: true

  '@radix-ui/react-dismissable-layer@1.1.13':
    resolution: {integrity: sha512-2v+zNAWWe0ySxgC0D0yeXMPQ23xZVgXZTerTz+JKlmdRj6gfTqmCcR29jb6d290DezXPGgruHWDX/vYUebtErg==}
    peerDependencies:
      '@types/react': '*'
      '@types/react-dom': '*'
      react: ^16.8 || ^17.0 || ^18.0 || ^19.0 || ^19.0.0-rc
      react-dom: ^16.8 || ^17.0 || ^18.0 || ^19.0 || ^19.0.0-rc
    peerDependenciesMeta:
      '@types/react':
        optional: true
      '@types/react-dom':
        optional: true

  '@radix-ui/react-id@1.1.2':
    resolution: {integrity: sha512-orBC88futVpqCmhX1p4cvquNHsELQ+w+vBJnuj3ftETI5bJb0bZn3Tqu3SWN2IOcPycTnMGnhwoermvISt72sA==}
    peerDependencies:
      '@types/react': '*'
      react: ^16.8 || ^17.0 || ^18.0 || ^19.0 || ^19.0.0-rc
    peerDependenciesMeta:
      '@types/react':
        optional: true

  '@radix-ui/react-popper@1.3.1':
    resolution: {integrity: sha512-bhnq/0DEPTi2lsOD3J5rTL65qUKHbKbhqHsmN9TMiclSXpipi651ooUKPPp6G5lF/WiHBdn1s0Wuqsn+myVAvw==}
    peerDependencies:
      '@types/react': '*'
      '@types/react-dom': '*'
      react: ^16.8 || ^17.0 || ^18.0 || ^19.0 || ^19.0.0-rc
      react-dom: ^16.8 || ^17.0 || ^18.0 || ^19.0 || ^19.0.0-rc
    peerDependenciesMeta:
      '@types/react':
        optional: true
      '@types/react-dom':
        optional: true

  '@radix-ui/react-portal@1.1.12':
    resolution: {integrity: sha512-m309havGzsjLHHaIX50G5PlvRs3xkgPCsGk/5PTvYm8D5q33yG0J7w/712PTOhid7NTaFETtnSXjngHQavvhVw==}
    peerDependencies:
      '@types/react': '*'
      '@types/react-dom': '*'
      react: ^16.8 || ^17.0 || ^18.0 || ^19.0 || ^19.0.0-rc
      react-dom: ^16.8 || ^17.0 || ^18.0 || ^19.0 || ^19.0.0-rc
    peerDependenciesMeta:
      '@types/react':
        optional: true
      '@types/react-dom':
        optional: true

  '@radix-ui/react-presence@1.1.6':
    resolution: {integrity: sha512-zdTk4PlUO0E18HnZ3wYbW0KkJJxWCdiNYp6g6X1PtONFhxVkg01vliTJAmwIszU6mHiyBOoW9P0rAugl5/hULQ==}
    peerDependencies:
      '@types/react': '*'
      '@types/react-dom': '*'
      react: ^16.8 || ^17.0 || ^18.0 || ^19.0 || ^19.0.0-rc
      react-dom: ^16.8 || ^17.0 || ^18.0 || ^19.0 || ^19.0.0-rc
    peerDependenciesMeta:
      '@types/react':
        optional: true
      '@types/react-dom':
        optional: true

  '@radix-ui/react-primitive@2.1.6':
    resolution: {integrity: sha512-wetd0QI77DbvrPpTAvH1SqOxsYF2wZe5TNxqwOd5Ty4XDpV3dpV0s8K/1MGMJBeY5o7lg8ub5VIt1Ub+yVen6g==}
    peerDependencies:
      '@types/react': '*'
      '@types/react-dom': '*'
      react: ^16.8 || ^17.0 || ^18.0 || ^19.0 || ^19.0.0-rc
      react-dom: ^16.8 || ^17.0 || ^18.0 || ^19.0 || ^19.0.0-rc
    peerDependenciesMeta:
      '@types/react':
        optional: true
      '@types/react-dom':
        optional: true

  '@radix-ui/react-slot@1.3.0':
    resolution: {integrity: sha512-MojKku4U/miO8Av4Dkb+ctMAQx7JmY96LmtDQlAarCRtd7rN52QCSzBF+XAvr5S6coSVj9HEPBgHAHKEJVk/WA==}
    peerDependencies:
      '@types/react': '*'
      react: ^16.8 || ^17.0 || ^18.0 || ^19.0 || ^19.0.0-rc
    peerDependenciesMeta:
      '@types/react':
        optional: true

  '@radix-ui/react-toast@1.2.17':
    resolution: {integrity: sha512-uL4kyyWy000pPL43fGGCV5qT6ZchCWEQZOSlkYiPwPt8Hy1iW38RjeptIvz1/SZesrW6Vn58Ct3sV7tfEfiAbw==}
    peerDependencies:
      '@types/react': '*'
      '@types/react-dom': '*'
      react: ^16.8 || ^17.0 || ^18.0 || ^19.0 || ^19.0.0-rc
      react-dom: ^16.8 || ^17.0 || ^18.0 || ^19.0 || ^19.0.0-rc
    peerDependenciesMeta:
      '@types/react':
        optional: true
      '@types/react-dom':
        optional: true

  '@radix-ui/react-tooltip@1.2.10':
    resolution: {integrity: sha512-NlNe8D0dWEpVfXFli90IO6X07Josx/b1iu98tDnx9Xv0HT4wLIL+m2VOheMHhK7qbp2HoTBqALEFzGyZs/levw==}
    peerDependencies:
      '@types/react': '*'
      '@types/react-dom': '*'
      react: ^16.8 || ^17.0 || ^18.0 || ^19.0 || ^19.0.0-rc
      react-dom: ^16.8 || ^17.0 || ^18.0 || ^19.0 || ^19.0.0-rc
    peerDependenciesMeta:
      '@types/react':
        optional: true
      '@types/react-dom':
        optional: true

  '@radix-ui/react-use-callback-ref@1.1.2':
    resolution: {integrity: sha512-xCso9j1/u8sEgP1RNHjFrXJLApL8LiqOkI1R4ywuN00rxWdYg4oQXuwKLS3i0j5NWLromUD27/4nlxj2UFVvIw==}
    peerDependencies:
      '@types/react': '*'
      react: ^16.8 || ^17.0 || ^18.0 || ^19.0 || ^19.0.0-rc
    peerDependenciesMeta:
      '@types/react':
        optional: true

  '@radix-ui/react-use-controllable-state@1.2.3':
    resolution: {integrity: sha512-PLzC90MS+ReootmjC597dvopoelpZ8Q61HJkDXZSExitIq7PL55vHNnesAHwguHK0aPfBnpdNzQtv1uliaqQrA==}
    peerDependencies:
      '@types/react': '*'
      react: ^16.8 || ^17.0 || ^18.0 || ^19.0 || ^19.0.0-rc
    peerDependenciesMeta:
      '@types/react':
        optional: true

  '@radix-ui/react-use-effect-event@0.0.3':
    resolution: {integrity: sha512-6c8ZqvPTWILEKnyVkP53EGRCcpnJiKTC21sS/6R1GF5xKyHJJWQEPfkqlcgUkdRQivd6tb23abUwe4ngWmY0JA==}
    peerDependencies:
      '@types/react': '*'
      react: ^16.8 || ^17.0 || ^18.0 || ^19.0 || ^19.0.0-rc
    peerDependenciesMeta:
      '@types/react':
        optional: true

  '@radix-ui/react-use-escape-keydown@1.1.2':
    resolution: {integrity: sha512-2uVLvLjgO7NZCWw01/FdqRwmA42J0BcjPMUCA+koFEOAb+zjqIP7SiFz/7zWPrKnVmSqr76Omq2ALyCuX4dhLw==}
    peerDependencies:
      '@types/react': '*'
      react: ^16.8 || ^17.0 || ^18.0 || ^19.0 || ^19.0.0-rc
    peerDependenciesMeta:
      '@types/react':
        optional: true

  '@radix-ui/react-use-layout-effect@1.1.2':
    resolution: {integrity: sha512-jrBWOxZITuGcnjRCM2t2U5ZPkCLxD+Ym6DjfssS5haTj2iiak/DOb64JeN6OdLfLgptb6/e2kKR+ZuTrGoZTPA==}
    peerDependencies:
      '@types/react': '*'
      react: ^16.8 || ^17.0 || ^18.0 || ^19.0 || ^19.0.0-rc
    peerDependenciesMeta:
      '@types/react':
        optional: true

  '@radix-ui/react-use-rect@1.1.2':
    resolution: {integrity: sha512-d8a+bBY/FxikNPlgJJoaBHZX+zKVbWHYJGTLnLvveQgFSTntkGdEKv3JDtHrMS0DNYpllz2nRsTLGLKYttbpmw==}
    peerDependencies:
      '@types/react': '*'
      react: ^16.8 || ^17.0 || ^18.0 || ^19.0 || ^19.0.0-rc
    peerDependenciesMeta:
      '@types/react':
        optional: true

  '@radix-ui/react-use-size@1.1.2':
    resolution: {integrity: sha512-giWQp+4mxjBPt4KZ0MmyuykFNWfbDxKt4x+fPkRYmgRFJSbCZFzUglvMb/Kjn38tm10YP4ufiQZDx3zna4LU6w==}
    peerDependencies:
      '@types/react': '*'
      react: ^16.8 || ^17.0 || ^18.0 || ^19.0 || ^19.0.0-rc
    peerDependenciesMeta:
      '@types/react':
        optional: true

  '@radix-ui/react-visually-hidden@1.2.6':
    resolution: {integrity: sha512-jCE0WljWifTI4niIMCll06kGpsJTAPiZVU9H4WR1N6qW7At9ystHbN7dDB+we2xH535roFHj7qKS+RGj0FMDWQ==}
    peerDependencies:
      '@types/react': '*'
      '@types/react-dom': '*'
      react: ^16.8 || ^17.0 || ^18.0 || ^19.0 || ^19.0.0-rc
      react-dom: ^16.8 || ^17.0 || ^18.0 || ^19.0 || ^19.0.0-rc
    peerDependenciesMeta:
      '@types/react':
        optional: true
      '@types/react-dom':
        optional: true

  '@radix-ui/rect@1.1.2':
    resolution: {integrity: sha512-xnXE7wG13PI+cxieVssYXlQJuYVRhH9NBoxt3KNwzghDIA69GMm7d4wXRouHIYjE+KvS6U/MsMO73NdS2MH9ZA==}

  prettier@3.8.4:
    resolution: {integrity: sha512-N2MylSdi48+5N/6S5j+maeHbUSIzzZ5uOcX5Hm4QpV8Dkb1HFjfAKTKX6yNPJQD9AhcT3ifHNB66tWTTJDi11Q==}
    engines: {node: '>=14'}
    hasBin: true

  typescript@5.9.3:
    resolution: {integrity: sha512-jl1vZzPDinLr9eUt3J/t7V6FgNEw9QjvBPdysz9KfQDD41fQrC2Y4vKQdiaUpFT4bXlb1RHhLpp8wtm6M5TgSw==}
    engines: {node: '>=14.17'}
    hasBin: true

snapshots:

  '@floating-ui/core@1.7.5':
    dependencies:
      '@floating-ui/utils': 0.2.11

  '@floating-ui/dom@1.7.6':
    dependencies:
      '@floating-ui/core': 1.7.5
      '@floating-ui/utils': 0.2.11

  '@floating-ui/react-dom@2.1.8':
    dependencies:
      '@floating-ui/dom': 1.7.6

  '@floating-ui/utils@0.2.11': {}

  '@radix-ui/primitive@1.1.4': {}

  '@radix-ui/react-arrow@1.1.10':
    dependencies:
      '@radix-ui/react-primitive': 2.1.6

  '@radix-ui/react-collection@1.1.10':
    dependencies:
      '@radix-ui/react-compose-refs': 1.1.3
      '@radix-ui/react-context': 1.1.4
      '@radix-ui/react-primitive': 2.1.6
      '@radix-ui/react-slot': 1.3.0

  '@radix-ui/react-compose-refs@1.1.3': {}

  '@radix-ui/react-context@1.1.4': {}

  '@radix-ui/react-dismissable-layer@1.1.13':
    dependencies:
      '@radix-ui/primitive': 1.1.4
      '@radix-ui/react-compose-refs': 1.1.3
      '@radix-ui/react-primitive': 2.1.6
      '@radix-ui/react-use-callback-ref': 1.1.2
      '@radix-ui/react-use-escape-keydown': 1.1.2

  '@radix-ui/react-id@1.1.2':
    dependencies:
      '@radix-ui/react-use-layout-effect': 1.1.2

  '@radix-ui/react-popper@1.3.1':
    dependencies:
      '@floating-ui/react-dom': 2.1.8
      '@radix-ui/react-arrow': 1.1.10
      '@radix-ui/react-compose-refs': 1.1.3
      '@radix-ui/react-context': 1.1.4
      '@radix-ui/react-primitive': 2.1.6
      '@radix-ui/react-use-callback-ref': 1.1.2
      '@radix-ui/react-use-layout-effect': 1.1.2
      '@radix-ui/react-use-rect': 1.1.2
      '@radix-ui/react-use-size': 1.1.2
      '@radix-ui/rect': 1.1.2

  '@radix-ui/react-portal@1.1.12':
    dependencies:
      '@radix-ui/react-primitive': 2.1.6
      '@radix-ui/react-use-layout-effect': 1.1.2

  '@radix-ui/react-presence@1.1.6':
    dependencies:
      '@radix-ui/react-use-layout-effect': 1.1.2

  '@radix-ui/react-primitive@2.1.6':
    dependencies:
      '@radix-ui/react-slot': 1.3.0

  '@radix-ui/react-slot@1.3.0':
    dependencies:
      '@radix-ui/react-compose-refs': 1.1.3

  '@radix-ui/react-toast@1.2.17':
    dependencies:
      '@radix-ui/primitive': 1.1.4
      '@radix-ui/react-collection': 1.1.10
      '@radix-ui/react-compose-refs': 1.1.3
      '@radix-ui/react-context': 1.1.4
      '@radix-ui/react-dismissable-layer': 1.1.13
      '@radix-ui/react-portal': 1.1.12
      '@radix-ui/react-presence': 1.1.6
      '@radix-ui/react-primitive': 2.1.6
      '@radix-ui/react-use-callback-ref': 1.1.2
      '@radix-ui/react-use-controllable-state': 1.2.3
      '@radix-ui/react-use-layout-effect': 1.1.2
      '@radix-ui/react-visually-hidden': 1.2.6

  '@radix-ui/react-tooltip@1.2.10':
    dependencies:
      '@radix-ui/primitive': 1.1.4
      '@radix-ui/react-compose-refs': 1.1.3
      '@radix-ui/react-context': 1.1.4
      '@radix-ui/react-dismissable-layer': 1.1.13
      '@radix-ui/react-id': 1.1.2
      '@radix-ui/react-popper': 1.3.1
      '@radix-ui/react-portal': 1.1.12
      '@radix-ui/react-presence': 1.1.6
      '@radix-ui/react-primitive': 2.1.6
      '@radix-ui/react-slot': 1.3.0
      '@radix-ui/react-use-controllable-state': 1.2.3
      '@radix-ui/react-visually-hidden': 1.2.6

  '@radix-ui/react-use-callback-ref@1.1.2': {}

  '@radix-ui/react-use-controllable-state@1.2.3':
    dependencies:
      '@radix-ui/react-use-effect-event': 0.0.3
      '@radix-ui/react-use-layout-effect': 1.1.2

  '@radix-ui/react-use-effect-event@0.0.3':
    dependencies:
      '@radix-ui/react-use-layout-effect': 1.1.2

  '@radix-ui/react-use-escape-keydown@1.1.2':
    dependencies:
      '@radix-ui/react-use-callback-ref': 1.1.2

  '@radix-ui/react-use-layout-effect@1.1.2': {}

  '@radix-ui/react-use-rect@1.1.2':
    dependencies:
      '@radix-ui/rect': 1.1.2

  '@radix-ui/react-use-size@1.1.2':
    dependencies:
      '@radix-ui/react-use-layout-effect': 1.1.2

  '@radix-ui/react-visually-hidden@1.2.6':
    dependencies:
      '@radix-ui/react-primitive': 2.1.6

  '@radix-ui/rect@1.1.2': {}

  prettier@3.8.4: {}

  typescript@5.9.3: {}
